
Microsoft Visual Studio Solution File, Format Version 12.00
# Visual Studio 15
VisualStudioVersion = 15.0.28307.1209
MinimumVisualStudioVersion = 10.0.40219.1
Project("{8BC9CEB8-8B4A-11D0-8D11-00A0C91BC942}") = "slipcc", "examples\slipcc\slipcc.vcxproj", "{DFA63608-ED47-4A8A-B4DD-F03D7EBFA9E0}"
EndProject
Project("{8BC9CEB8-8B4A-11D0-8D11-00A0C91BC942}") = "slip", "libs\slip\slip.vcxproj", "{62613C17-252F-4CAB-9BC6-5E6FE949A93F}"
EndProject
Project("{8BC9CEB8-8B4A-11D0-8D11-00A0C91BC942}") = "sliptest", "test\sliptest.vcxproj", "{8E9E70C1-6031-485A-BD17-3FE6A02E9D72}"
EndProject
Global
	GlobalSection(SolutionConfigurationPlatforms) = preSolution
		Debug|x64 = Debug|x64
		Debug|x86 = Debug|x86
		Release|x64 = Release|x64
		Release|x86 = Release|x86
	EndGlobalSection
	GlobalSection(ProjectConfigurationPlatforms) = postSolution
		{DFA63608-ED47-4A8A-B4DD-F03D7EBFA9E0}.Debug|x64.ActiveCfg = Debug|x64
		{DFA63608-ED47-4A8A-B4DD-F03D7EBFA9E0}.Debug|x64.Build.0 = Debug|x64
		{DFA63608-ED47-4A8A-B4DD-F03D7EBFA9E0}.Debug|x86.ActiveCfg = Debug|Win32
		{DFA63608-ED47-4A8A-B4DD-F03D7EBFA9E0}.Debug|x86.Build.0 = Debug|Win32
		{DFA63608-ED47-4A8A-B4DD-F03D7EBFA9E0}.Release|x64.ActiveCfg = Release|x64
		{DFA63608-ED47-4A8A-B4DD-F03D7EBFA9E0}.Release|x64.Build.0 = Release|x64
		{DFA63608-ED47-4A8A-B4DD-F03D7EBFA9E0}.Release|x86.ActiveCfg = Release|Win32
		{DFA63608-ED47-4A8A-B4DD-F03D7EBFA9E0}.Release|x86.Build.0 = Release|Win32
		{62613C17-252F-4CAB-9BC6-5E6FE949A93F}.Debug|x64.ActiveCfg = Debug|x64
		{62613C17-252F-4CAB-9BC6-5E6FE949A93F}.Debug|x64.Build.0 = Debug|x64
		{62613C17-252F-4CAB-9BC6-5E6FE949A93F}.Debug|x86.ActiveCfg = Debug|Win32
		{62613C17-252F-4CAB-9BC6-5E6FE949A93F}.Debug|x86.Build.0 = Debug|Win32
		{62613C17-252F-4CAB-9BC6-5E6FE949A93F}.Release|x64.ActiveCfg = Release|x64
		{62613C17-252F-4CAB-9BC6-5E6FE949A93F}.Release|x64.Build.0 = Release|x64
		{62613C17-252F-4CAB-9BC6-5E6FE949A93F}.Release|x86.ActiveCfg = Release|Win32
		{62613C17-252F-4CAB-9BC6-5E6FE949A93F}.Release|x86.Build.0 = Release|Win32
		{8E9E70C1-6031-485A-BD17-3FE6A02E9D72}.Debug|x64.ActiveCfg = Debug|x64
		{8E9E70C1-6031-485A-BD17-3FE6A02E9D72}.Debug|x64.Build.0 = Debug|x64
		{8E9E70C1-6031-485A-BD17-3FE6A02E9D72}.Debug|x86.ActiveCfg = Debug|Win32
		{8E9E70C1-6031-485A-BD17-3FE6A02E9D72}.Debug|x86.Build.0 = Debug|Win32
		{8E9E70C1-6031-485A-BD17-3FE6A02E9D72}.Release|x64.ActiveCfg = Release|x64
		{8E9E70C1-6031-485A-BD17-3FE6A02E9D72}.Release|x64.Build.0 = Release|x64
		{8E9E70C1-6031-485A-BD17-3FE6A02E9D72}.Release|x86.ActiveCfg = Release|Win32
		{8E9E70C1-6031-485A-BD17-3FE6A02E9D72}.Release|x86.Build.0 = Release|Win32
	EndGlobalSection
	GlobalSection(SolutionProperties) = preSolution
		HideSolutionNode = FALSE
	EndGlobalSection
	GlobalSection(ExtensibilityGlobals) = postSolution
		SolutionGuid = {29FF0C17-8D8B-4E5D-8913-4C4A633160EC}
	EndGlobalSection
EndGlobal
