<?xml version="1.0" encoding="utf-8"?>
<Project ToolsVersion="4.0" xmlns="http://schemas.microsoft.com/developer/msbuild/2003">
  <ItemGroup>
    <ClCompile Include="Slip6.cpp" />
    <ClCompile Include="Pch.cpp" />
  </ItemGroup>
  <ItemGroup>
    <ClInclude Include="Pch.h" />
  </ItemGroup>
  <ItemGroup>
    <None Include="slip.natvis" />
    <None Include="bench\ack.slip">
      <Filter>bench</Filter>
    </None>
    <None Include="bench\ary.slip">
      <Filter>bench</Filter>
    </None>
    <None Include="bench\fibo.slip">
      <Filter>bench</Filter>
    </None>
    <None Include="bench\hello.slip">
      <Filter>bench</Filter>
    </None>
    <None Include="bench\nestedloop.slip">
      <Filter>bench</Filter>
    </None>
    <None Include="bench\nsieve.slip">
      <Filter>bench</Filter>
    </None>
    <None Include="bench\harmonic.slip">
      <Filter>bench</Filter>
    </None>
  </ItemGroup>
  <ItemGroup>
    <Filter Include="bench">
      <UniqueIdentifier>{20f4cd82-ed0c-4ef2-ad8e-b39e2ba77a1c}</UniqueIdentifier>
    </Filter>
  </ItemGroup>
</Project>